
Microsoft Visual Studio Solution File, Format Version 12.00
# Visual Studio Version 17
VisualStudioVersion = 17.13.35919.96 d17.13
MinimumVisualStudioVersion = 10.0.40219.1
Project("{FAE04EC0-301F-11D3-BF4B-00C04F79EFBC}") = "MagicVilla_VillaAPI", "MagicVilla_VillaAPI\MagicVilla_VillaAPI.csproj", "{490310B3-216A-47F3-9D63-97D389DFA0A2}"
EndProject
Global
	GlobalSection(SolutionConfigurationPlatforms) = preSolution
		Debug|Any CPU = Debug|Any CPU
		Release|Any CPU = Release|Any CPU
	EndGlobalSection
	GlobalSection(ProjectConfigurationPlatforms) = postSolution
		{490310B3-216A-47F3-9D63-97D389DFA0A2}.Debug|Any CPU.ActiveCfg = Debug|Any CPU
		{490310B3-216A-47F3-9D63-97D389DFA0A2}.Debug|Any CPU.Build.0 = Debug|Any CPU
		{490310B3-216A-47F3-9D63-97D389DFA0A2}.Release|Any CPU.ActiveCfg = Release|Any CPU
		{490310B3-216A-47F3-9D63-97D389DFA0A2}.Release|Any CPU.Build.0 = Release|Any CPU
	EndGlobalSection
	GlobalSection(SolutionProperties) = preSolution
		HideSolutionNode = FALSE
	EndGlobalSection
	GlobalSection(ExtensibilityGlobals) = postSolution
		SolutionGuid = {41A5652D-CC4E-4E53-8F74-23FFFE12DB05}
	EndGlobalSection
EndGlobal
